// !$*UTF8*$!
{
	archiveVersion = 1;
	classes = {
	};
	objectVersion = 46;
	objects = {

/* Begin PBXBuildFile section */
		E401C87A201A85830053BB2E /* libsqlite3.tbd in Frameworks */ = {isa = PBXBuildFile; fileRef = E4F34DDA201A35EE00C3B0C8 /* libsqlite3.tbd */; };
		E4F34DD3201A324100C3B0C8 /* database.c in Sources */ = {isa = PBXBuildFile; fileRef = E4F34DCE201A324100C3B0C8 /* database.c */; };
		E4F34DD4201A324100C3B0C8 /* serialPort.c in Sources */ = {isa = PBXBuildFile; fileRef = E4F34DD1201A324100C3B0C8 /* serialPort.c */; };
		E4F34DD7201A32D200C3B0C8 /* main.c in Sources */ = {isa = PBXBuildFile; fileRef = E4F34DD6201A32D200C3B0C8 /* main.c */; };
		E4F34DDD201A360900C3B0C8 /* libprotobuf-c.a in Frameworks */ = {isa = PBXBuildFile; fileRef = E4F34DDC201A360900C3B0C8 /* libprotobuf-c.a */; };
		E4F34DE1201A364F00C3B0C8 /* communicationProtocol.pb-c.c in Sources */ = {isa = PBXBuildFile; fileRef = E4F34DDF201A364F00C3B0C8 /* communicationProtocol.pb-c.c */; };
/* End PBXBuildFile section */

/* Begin PBXCopyFilesBuildPhase section */
		E4F34DC2201A321C00C3B0C8 /* CopyFiles */ = {
			isa = PBXCopyFilesBuildPhase;
			buildActionMask = 2147483647;
			dstPath = /usr/share/man/man1/;
			dstSubfolderSpec = 0;
			files = (
			);
			runOnlyForDeploymentPostprocessing = 1;
		};
/* End PBXCopyFilesBuildPhase section */

/* Begin PBXFileReference section */
		E4F34DC4201A321D00C3B0C8 /* serialConnector */ = {isa = PBXFileReference; explicitFileType = "compiled.mach-o.executable"; includeInIndex = 0; path = serialConnector; sourceTree = BUILT_PRODUCTS_DIR; };
		E4F34DCE201A324100C3B0C8 /* database.c */ = {isa = PBXFileReference; fileEncoding = 4; lastKnownFileType = sourcecode.c.c; path = database.c; sourceTree = "<group>"; };
		E4F34DCF201A324100C3B0C8 /* database.h */ = {isa = PBXFileReference; fileEncoding = 4; lastKnownFileType = sourcecode.c.h; path = database.h; sourceTree = "<group>"; };
		E4F34DD0201A324100C3B0C8 /* databaseCommands.h */ = {isa = PBXFileReference; fileEncoding = 4; lastKnownFileType = sourcecode.c.h; path = databaseCommands.h; sourceTree = "<group>"; };
		E4F34DD1201A324100C3B0C8 /* serialPort.c */ = {isa = PBXFileReference; fileEncoding = 4; lastKnownFileType = sourcecode.c.c; path = serialPort.c; sourceTree = "<group>"; };
		E4F34DD2201A324100C3B0C8 /* serialPort.h */ = {isa = PBXFileReference; fileEncoding = 4; lastKnownFileType = sourcecode.c.h; path = serialPort.h; sourceTree = "<group>"; };
		E4F34DD6201A32D200C3B0C8 /* main.c */ = {isa = PBXFileReference; fileEncoding = 4; lastKnownFileType = sourcecode.c.c; path = main.c; sourceTree = "<group>"; };
		E4F34DDA201A35EE00C3B0C8 /* libsqlite3.tbd */ = {isa = PBXFileReference; lastKnownFileType = "sourcecode.text-based-dylib-definition"; name = libsqlite3.tbd; path = usr/lib/libsqlite3.tbd; sourceTree = SDKROOT; };
		E4F34DDC201A360900C3B0C8 /* libprotobuf-c.a */ = {isa = PBXFileReference; lastKnownFileType = archive.ar; name = "libprotobuf-c.a"; path = "../../../../../../../usr/local/lib/libprotobuf-c.a"; sourceTree = "<group>"; };
		E4F34DDF201A364F00C3B0C8 /* communicationProtocol.pb-c.c */ = {isa = PBXFileReference; fileEncoding = 4; lastKnownFileType = sourcecode.c.c; path = "communicationProtocol.pb-c.c"; sourceTree = "<group>"; };
		E4F34DE0201A364F00C3B0C8 /* communicationProtocol.pb-c.h */ = {isa = PBXFileReference; fileEncoding = 4; lastKnownFileType = sourcecode.c.h; path = "communicationProtocol.pb-c.h"; sourceTree = "<group>"; };
/* End PBXFileReference section */

/* Begin PBXFrameworksBuildPhase section */
		E4F34DC1201A321C00C3B0C8 /* Frameworks */ = {
			isa = PBXFrameworksBuildPhase;
			buildActionMask = 2147483647;
			files = (
				E401C87A201A85830053BB2E /* libsqlite3.tbd in Frameworks */,
				E4F34DDD201A360900C3B0C8 /* libprotobuf-c.a in Frameworks */,
			);
			runOnlyForDeploymentPostprocessing = 0;
		};
/* End PBXFrameworksBuildPhase section */

/* Begin PBXGroup section */
		E4F34DBB201A321C00C3B0C8 = {
			isa = PBXGroup;
			children = (
				E4F34DDE201A364F00C3B0C8 /* protobuf */,
				E4F34DD5201A324C00C3B0C8 /* c11threads */,
				E4F34DCE201A324100C3B0C8 /* database.c */,
				E4F34DCF201A324100C3B0C8 /* database.h */,
				E4F34DD0201A324100C3B0C8 /* databaseCommands.h */,
				E4F34DD6201A32D200C3B0C8 /* main.c */,
				E4F34DD1201A324100C3B0C8 /* serialPort.c */,
				E4F34DD2201A324100C3B0C8 /* serialPort.h */,
				E4F34DC5201A321D00C3B0C8 /* Products */,
				E4F34DD9201A35EE00C3B0C8 /* Frameworks */,
			);
			sourceTree = "<group>";
		};
		E4F34DC5201A321D00C3B0C8 /* Products */ = {
			isa = PBXGroup;
			children = (
				E4F34DC4201A321D00C3B0C8 /* serialConnector */,
			);
			name = Products;
			sourceTree = "<group>";
		};
		E4F34DD5201A324C00C3B0C8 /* c11threads */ = {
			isa = PBXGroup;
			children = (
			);
			path = c11threads;
			sourceTree = "<group>";
		};
		E4F34DD9201A35EE00C3B0C8 /* Frameworks */ = {
			isa = PBXGroup;
			children = (
				E4F34DDC201A360900C3B0C8 /* libprotobuf-c.a */,
				E4F34DDA201A35EE00C3B0C8 /* libsqlite3.tbd */,
			);
			name = Frameworks;
			sourceTree = "<group>";
		};
		E4F34DDE201A364F00C3B0C8 /* protobuf */ = {
			isa = PBXGroup;
			children = (
				E4F34DDF201A364F00C3B0C8 /* communicationProtocol.pb-c.c */,
				E4F34DE0201A364F00C3B0C8 /* communicationProtocol.pb-c.h */,
			);
			path = protobuf;
			sourceTree = "<group>";
		};
/* End PBXGroup section */

/* Begin PBXNativeTarget section */
		E4F34DC3201A321C00C3B0C8 /* serialConnector */ = {
			isa = PBXNativeTarget;
			buildConfigurationList = E4F34DCB201A321D00C3B0C8 /* Build configuration list for PBXNativeTarget "serialConnector" */;
			buildPhases = (
				E4F34DD8201A338500C3B0C8 /* ShellScript */,
				E4F34DC0201A321C00C3B0C8 /* Sources */,
				E4F34DC1201A321C00C3B0C8 /* Frameworks */,
				E4F34DC2201A321C00C3B0C8 /* CopyFiles */,
			);
			buildRules = (
			);
			dependencies = (
			);
			name = serialConnector;
			productName = serialConnector;
			productReference = E4F34DC4201A321D00C3B0C8 /* serialConnector */;
			productType = "com.apple.product-type.tool";
		};
/* End PBXNativeTarget section */

/* Begin PBXProject section */
		E4F34DBC201A321C00C3B0C8 /* Project object */ = {
			isa = PBXProject;
			attributes = {
				LastUpgradeCheck = 0830;
				ORGANIZATIONNAME = "Ludger Heide";
				TargetAttributes = {
					E4F34DC3201A321C00C3B0C8 = {
						CreatedOnToolsVersion = 8.3.3;
						DevelopmentTeam = 6C3S3R7W5Q;
						ProvisioningStyle = Automatic;
					};
				};
			};
			buildConfigurationList = E4F34DBF201A321C00C3B0C8 /* Build configuration list for PBXProject "serialConnector" */;
			compatibilityVersion = "Xcode 3.2";
			developmentRegion = English;
			hasScannedForEncodings = 0;
			knownRegions = (
				en,
			);
			mainGroup = E4F34DBB201A321C00C3B0C8;
			productRefGroup = E4F34DC5201A321D00C3B0C8 /* Products */;
			projectDirPath = "";
			projectRoot = "";
			targets = (
				E4F34DC3201A321C00C3B0C8 /* serialConnector */,
			);
		};
/* End PBXProject section */

/* Begin PBXShellScriptBuildPhase section */
		E4F34DD8201A338500C3B0C8 /* ShellScript */ = {
			isa = PBXShellScriptBuildPhase;
			buildActionMask = 2147483647;
			files = (
			);
			inputPaths = (
			);
			outputPaths = (
			);
			runOnlyForDeploymentPostprocessing = 0;
			shellPath = /bin/sh;
			shellScript = "protoc-c --c_out protobuf/ -I ../ ../communicationProtocol.proto";
		};
/* End PBXShellScriptBuildPhase section */

/* Begin PBXSourcesBuildPhase section */
		E4F34DC0201A321C00C3B0C8 /* Sources */ = {
			isa = PBXSourcesBuildPhase;
			buildActionMask = 2147483647;
			files = (
				E4F34DD4201A324100C3B0C8 /* serialPort.c in Sources */,
				E4F34DE1201A364F00C3B0C8 /* communicationProtocol.pb-c.c in Sources */,
				E4F34DD3201A324100C3B0C8 /* database.c in Sources */,
				E4F34DD7201A32D200C3B0C8 /* main.c in Sources */,
			);
			runOnlyForDeploymentPostprocessing = 0;
		};
/* End PBXSourcesBuildPhase section */

/* Begin XCBuildConfiguration section */
		E4F34DC9201A321D00C3B0C8 /* Debug */ = {
			isa = XCBuildConfiguration;
			buildSettings = {
				ALWAYS_SEARCH_USER_PATHS = NO;
				CLANG_ANALYZER_NONNULL = YES;
				CLANG_ANALYZER_NUMBER_OBJECT_CONVERSION = YES_AGGRESSIVE;
				CLANG_CXX_LANGUAGE_STANDARD = "gnu++0x";
				CLANG_CXX_LIBRARY = "libc++";
				CLANG_ENABLE_MODULES = YES;
				CLANG_ENABLE_OBJC_ARC = YES;
				CLANG_WARN_BOOL_CONVERSION = YES;
				CLANG_WARN_CONSTANT_CONVERSION = YES;
				CLANG_WARN_DIRECT_OBJC_ISA_USAGE = YES_ERROR;
				CLANG_WARN_DOCUMENTATION_COMMENTS = YES;
				CLANG_WARN_EMPTY_BODY = YES;
				CLANG_WARN_ENUM_CONVERSION = YES;
				CLANG_WARN_INFINITE_RECURSION = YES;
				CLANG_WARN_INT_CONVERSION = YES;
				CLANG_WARN_OBJC_ROOT_CLASS = YES_ERROR;
				CLANG_WARN_SUSPICIOUS_MOVE = YES;
				CLANG_WARN_UNREACHABLE_CODE = YES;
				CLANG_WARN__DUPLICATE_METHOD_MATCH = YES;
				CODE_SIGN_IDENTITY = "-";
				COPY_PHASE_STRIP = NO;
				DEBUG_INFORMATION_FORMAT = dwarf;
				ENABLE_STRICT_OBJC_MSGSEND = YES;
				ENABLE_TESTABILITY = YES;
				GCC_C_LANGUAGE_STANDARD = gnu99;
				GCC_DYNAMIC_NO_PIC = NO;
				GCC_NO_COMMON_BLOCKS = YES;
				GCC_OPTIMIZATION_LEVEL = 0;
				GCC_PREPROCESSOR_DEFINITIONS = (
					"DEBUG=1",
					"$(inherited)",
				);
				GCC_WARN_64_TO_32_BIT_CONVERSION = YES;
				GCC_WARN_ABOUT_RETURN_TYPE = YES_ERROR;
				GCC_WARN_UNDECLARED_SELECTOR = YES;
				GCC_WARN_UNINITIALIZED_AUTOS = YES_AGGRESSIVE;
				GCC_WARN_UNUSED_FUNCTION = YES;
				GCC_WARN_UNUSED_VARIABLE = YES;
				MACOSX_DEPLOYMENT_TARGET = 10.12;
				MTL_ENABLE_DEBUG_INFO = YES;
				ONLY_ACTIVE_ARCH = YES;
				SDKROOT = macosx;
			};
			name = Debug;
		};
		E4F34DCA201A321D00C3B0C8 /* Release */ = {
			isa = XCBuildConfiguration;
			buildSettings = {
				ALWAYS_SEARCH_USER_PATHS = NO;
				CLANG_ANALYZER_NONNULL = YES;
				CLANG_ANALYZER_NUMBER_OBJECT_CONVERSION = YES_AGGRESSIVE;
				CLANG_CXX_LANGUAGE_STANDARD = "gnu++0x";
				CLANG_CXX_LIBRARY = "libc++";
				CLANG_ENABLE_MODULES = YES;
				CLANG_ENABLE_OBJC_ARC = YES;
				CLANG_WARN_BOOL_CONVERSION = YES;
				CLANG_WARN_CONSTANT_CONVERSION = YES;
				CLANG_WARN_DIRECT_OBJC_ISA_USAGE = YES_ERROR;
				CLANG_WARN_DOCUMENTATION_COMMENTS = YES;
				CLANG_WARN_EMPTY_BODY = YES;
				CLANG_WARN_ENUM_CONVERSION = YES;
				CLANG_WARN_INFINITE_RECURSION = YES;
				CLANG_WARN_INT_CONVERSION = YES;
				CLANG_WARN_OBJC_ROOT_CLASS = YES_ERROR;
				CLANG_WARN_SUSPICIOUS_MOVE = YES;
				CLANG_WARN_UNREACHABLE_CODE = YES;
				CLANG_WARN__DUPLICATE_METHOD_MATCH = YES;
				CODE_SIGN_IDENTITY = "-";
				COPY_PHASE_STRIP = NO;
				DEBUG_INFORMATION_FORMAT = "dwarf-with-dsym";
				ENABLE_NS_ASSERTIONS = NO;
				ENABLE_STRICT_OBJC_MSGSEND = YES;
				GCC_C_LANGUAGE_STANDARD = gnu99;
				GCC_NO_COMMON_BLOCKS = YES;
				GCC_WARN_64_TO_32_BIT_CONVERSION = YES;
				GCC_WARN_ABOUT_RETURN_TYPE = YES_ERROR;
				GCC_WARN_UNDECLARED_SELECTOR = YES;
				GCC_WARN_UNINITIALIZED_AUTOS = YES_AGGRESSIVE;
				GCC_WARN_UNUSED_FUNCTION = YES;
				GCC_WARN_UNUSED_VARIABLE = YES;
				MACOSX_DEPLOYMENT_TARGET = 10.12;
				MTL_ENABLE_DEBUG_INFO = NO;
				SDKROOT = macosx;
			};
			name = Release;
		};
		E4F34DCC201A321D00C3B0C8 /* Debug */ = {
			isa = XCBuildConfiguration;
			buildSettings = {
				DEVELOPMENT_TEAM = 6C3S3R7W5Q;
				HEADER_SEARCH_PATHS = /usr/local/include;
				LIBRARY_SEARCH_PATHS = /usr/local/lib;
				OTHER_LDFLAGS = "";
				PRODUCT_NAME = "$(TARGET_NAME)";
			};
			name = Debug;
		};
		E4F34DCD201A321D00C3B0C8 /* Release */ = {
			isa = XCBuildConfiguration;
			buildSettings = {
				DEVELOPMENT_TEAM = 6C3S3R7W5Q;
				HEADER_SEARCH_PATHS = /usr/local/include;
				LIBRARY_SEARCH_PATHS = /usr/local/lib;
				OTHER_LDFLAGS = "";
				PRODUCT_NAME = "$(TARGET_NAME)";
			};
			name = Release;
		};
/* End XCBuildConfiguration section */

/* Begin XCConfigurationList section */
		E4F34DBF201A321C00C3B0C8 /* Build configuration list for PBXProject "serialConnector" */ = {
			isa = XCConfigurationList;
			buildConfigurations = (
				E4F34DC9201A321D00C3B0C8 /* Debug */,
				E4F34DCA201A321D00C3B0C8 /* Release */,
			);
			defaultConfigurationIsVisible = 0;
			defaultConfigurationName = Release;
		};
		E4F34DCB201A321D00C3B0C8 /* Build configuration list for PBXNativeTarget "serialConnector" */ = {
			isa = XCConfigurationList;
			buildConfigurations = (
				E4F34DCC201A321D00C3B0C8 /* Debug */,
				E4F34DCD201A321D00C3B0C8 /* Release */,
			);
			defaultConfigurationIsVisible = 0;
			defaultConfigurationName = Release;
		};
/* End XCConfigurationList section */
	};
	rootObject = E4F34DBC201A321C00C3B0C8 /* Project object */;
}
